// !$*UTF8*$!
{
	archiveVersion = 1;
	classes = {
	};
	objectVersion = 46;
	objects = {
/* Begin PBXBuildFile section */
		0207DA581B56EA530066E2B4 /* Images.xcassets in Resources */ = {isa = PBXBuildFile; fileRef = 0207DA571B56EA530066E2B4 /* Images.xcassets */; };
		1D3623260D0F684500981E51 /* AppDelegate.m in Sources */ = {isa = PBXBuildFile; fileRef = 1D3623250D0F684500981E51 /* AppDelegate.m */; };
		1D60589B0D05DD56006BFB54 /* main.m in Sources */ = {isa = PBXBuildFile; fileRef = 29B97316FDCFA39411CA2CEA /* main.m */; };
		301BF552109A68D80062928A /* libCordova.a in Frameworks */ = {isa = PBXBuildFile; fileRef = 301BF535109A57CC0062928A /* libCordova.a */; };
		302D95F114D2391D003F00A1 /* MainViewController.m in Sources */ = {isa = PBXBuildFile; fileRef = 302D95EF14D2391D003F00A1 /* MainViewController.m */; };
		302D95F214D2391D003F00A1 /* MainViewController.xib in Resources */ = {isa = PBXBuildFile; fileRef = 302D95F014D2391D003F00A1 /* MainViewController.xib */; };
		3047A5121AB8059700498E2A /* build-debug.xcconfig in Resources */ = {isa = PBXBuildFile; fileRef = 3047A50F1AB8059700498E2A /* build-debug.xcconfig */; };
		3047A5131AB8059700498E2A /* build-release.xcconfig in Resources */ = {isa = PBXBuildFile; fileRef = 3047A5101AB8059700498E2A /* build-release.xcconfig */; };
		3047A5141AB8059700498E2A /* build.xcconfig in Resources */ = {isa = PBXBuildFile; fileRef = 3047A5111AB8059700498E2A /* build.xcconfig */; };
		6AFF5BF91D6E424B00AB3073 /* CDVLaunchScreen.storyboard in Resources */ = {isa = PBXBuildFile; fileRef = 6AFF5BF81D6E424B00AB3073 /* CDVLaunchScreen.storyboard */; };
		21BFF14B7A9346AD98B5F7BB /* InAppPurchase.m in Sources */ = {isa = PBXBuildFile; fileRef = 560366144BEB4519811A9E08 /* InAppPurchase.m */; };
		141B539450EE4C34905326CE /* SKProduct+LocalizedPrice.m in Sources */ = {isa = PBXBuildFile; fileRef = F2B738FB5278463CA5AC62DB /* SKProduct+LocalizedPrice.m */; };
		86EB8E63BCE343CA9A1EC684 /* FileUtility.m in Sources */ = {isa = PBXBuildFile; fileRef = 41B6DC72746E43AEB414710A /* FileUtility.m */; };
		67665139C3294083A9681672 /* StoreKit.framework in Frameworks */ = {isa = PBXBuildFile; fileRef = 79BBAA20F1464279A92DC8D3 /* StoreKit.framework */; };
		7A17C93847024FABA1B13453 /* Screenshot.m in Sources */ = {isa = PBXBuildFile; fileRef = 02B48A77DFC14B45B350630F /* Screenshot.m */; };
		9B8DF8C18C604475B3878127 /* SKstorereview.m in Sources */ = {isa = PBXBuildFile; fileRef = 031EFB178E154ADD90A53E68 /* SKstorereview.m */; };
		74FF0C8CE97048B68BC32429 /* GoogleMobileAds.framework in Frameworks */ = {isa = PBXBuildFile; fileRef = 4793BEEDC5CA4F84B8C81281 /* GoogleMobileAds.framework */; };
		A9D9D92A112642D6A4B3EE1E /* AdSupport.framework in Frameworks */ = {isa = PBXBuildFile; fileRef = DEDD4EC7C837414BBE8B2F9D /* AdSupport.framework */; };
		E4720A5EFD684538B25CB07E /* AudioToolbox.framework in Frameworks */ = {isa = PBXBuildFile; fileRef = 401A880111E7406DA931FBA6 /* AudioToolbox.framework */; };
		A584021561704D6AB7053814 /* AVFoundation.framework in Frameworks */ = {isa = PBXBuildFile; fileRef = 231E0BC395DD4E7CB4B5B183 /* AVFoundation.framework */; };
		7BE888DCF35D4FCDB73773AD /* CoreBluetooth.framework in Frameworks */ = {isa = PBXBuildFile; fileRef = 3C63ABEDA3B241FB86BB319A /* CoreBluetooth.framework */; };
		7CE521BB44BB4428AE7100B1 /* CoreMedia.framework in Frameworks */ = {isa = PBXBuildFile; fileRef = C64DE992F69B4532AFEB34EC /* CoreMedia.framework */; };
		B6115C569E844A4AAAE60D20 /* CoreMotion.framework in Frameworks */ = {isa = PBXBuildFile; fileRef = 4204A1D8F3AC4D10B99684BE /* CoreMotion.framework */; };
		763C64219FDB4DF38C90AF96 /* CoreTelephony.framework in Frameworks */ = {isa = PBXBuildFile; fileRef = C0C5C923F77F47BD94DA67FC /* CoreTelephony.framework */; };
		01F2BE10559B4C4EB68E9A92 /* CoreVideo.framework in Frameworks */ = {isa = PBXBuildFile; fileRef = 3523EAD5313347AEB7BDA821 /* CoreVideo.framework */; };
		8474F400EFC54A48AB5A5FEA /* EventKit.framework in Frameworks */ = {isa = PBXBuildFile; fileRef = AF56839B05454C4B9113F439 /* EventKit.framework */; };
		2BE3356DA4114683942F70BC /* EventKitUI.framework in Frameworks */ = {isa = PBXBuildFile; fileRef = 33FDF8020526471F8A22D70F /* EventKitUI.framework */; };
		C4B596EB2A2F4FB7861D675F /* Foundation.framework in Frameworks */ = {isa = PBXBuildFile; fileRef = 743CFCCE48544CFCB6F6CEC8 /* Foundation.framework */; };
		53C7F91B3EC3402B8D3D8B5C /* GLKit.framework in Frameworks */ = {isa = PBXBuildFile; fileRef = EE48BC35E7DF42028E7BBF2B /* GLKit.framework */; };
		CE8B2A74D1D347EE84F988B6 /* MediaPlayer.framework in Frameworks */ = {isa = PBXBuildFile; fileRef = DF3C72603D81473AB3BA2EEB /* MediaPlayer.framework */; };
		FFD7BA56563147238C435D00 /* MessageUI.framework in Frameworks */ = {isa = PBXBuildFile; fileRef = 5F706CE236DD440DB7D765EF /* MessageUI.framework */; };
		1A36BD02904C4CA4893C83DC /* OpenGLES.framework in Frameworks */ = {isa = PBXBuildFile; fileRef = CF802E08202F498DBBA5C63C /* OpenGLES.framework */; };
		8E0A9F57F2F342B9AA54A23A /* SafariServices.framework in Frameworks */ = {isa = PBXBuildFile; fileRef = C992E5899217478A89F0F528 /* SafariServices.framework */; };
		5EE74EA0EA6B411AA5944ABE /* SystemConfiguration.framework in Frameworks */ = {isa = PBXBuildFile; fileRef = 0F9AC4379C1F4596944CD5A2 /* SystemConfiguration.framework */; };
		0FA0F7EF421845CD9DE4309F /* UIKit.framework in Frameworks */ = {isa = PBXBuildFile; fileRef = 6EA27193A9D7457D949A41B9 /* UIKit.framework */; };
		3CDC1B6BA4334DC8ABE7E232 /* CDVClipboard.m in Sources */ = {isa = PBXBuildFile; fileRef = 63A0EE47500A47A1A07105D0 /* CDVClipboard.m */; };
		1AC3EF3C7A9645628E357B94 /* CDVInstagramPlugin.m in Sources */ = {isa = PBXBuildFile; fileRef = A88E63D5CF0A4DB3886F1F5B /* CDVInstagramPlugin.m */; };
		6645C32C54A042E5B6EF08C9 /* LaunchReview.m in Sources */ = {isa = PBXBuildFile; fileRef = 42C033D38EA348F7BDB378EA /* LaunchReview.m */; };
		DFA155C1233D42C3A8096152 /* UIWindow+DismissNotification.m in Sources */ = {isa = PBXBuildFile; fileRef = BB4C646611EC4241AEE9975D /* UIWindow+DismissNotification.m */; };
		B87A2DD9238F4120A23DE673 /* CDVAdMob.m in Sources */ = {isa = PBXBuildFile; fileRef = A22712DC867242C4B2F8C684 /* CDVAdMob.m */; };
/* End PBXBuildFile section */

/* Begin PBXContainerItemProxy section */
		301BF534109A57CC0062928A /* PBXContainerItemProxy */ = {
			isa = PBXContainerItemProxy;
			containerPortal = 301BF52D109A57CC0062928A /* CordovaLib.xcodeproj */;
			proxyType = 2;
			remoteGlobalIDString = D2AAC07E0554694100DB518D;
			remoteInfo = CordovaLib;
		};
		301BF550109A68C00062928A /* PBXContainerItemProxy */ = {
			isa = PBXContainerItemProxy;
			containerPortal = 301BF52D109A57CC0062928A /* CordovaLib.xcodeproj */;
			proxyType = 1;
			remoteGlobalIDString = D2AAC07D0554694100DB518D;
			remoteInfo = CordovaLib;
		};
/* End PBXContainerItemProxy section */

/* Begin PBXFileReference section */
		0207DA571B56EA530066E2B4 /* Images.xcassets */ = {isa = PBXFileReference; lastKnownFileType = folder.assetcatalog; name = Images.xcassets; path = "Video Player/Images.xcassets"; sourceTree = SOURCE_ROOT; };
		1D3623240D0F684500981E51 /* AppDelegate.h */ = {isa = PBXFileReference; fileEncoding = 4; lastKnownFileType = sourcecode.c.h; path = AppDelegate.h; sourceTree = "<group>"; };
		1D3623250D0F684500981E51 /* AppDelegate.m */ = {isa = PBXFileReference; fileEncoding = 4; lastKnownFileType = sourcecode.c.objc; path = AppDelegate.m; sourceTree = "<group>"; };
		1D6058910D05DD3D006BFB54 /* Video Player.app */ = {isa = PBXFileReference; explicitFileType = wrapper.application; includeInIndex = 0; path = "Video Player.app"; sourceTree = BUILT_PRODUCTS_DIR; };
		29B97316FDCFA39411CA2CEA /* main.m */ = {isa = PBXFileReference; fileEncoding = 4; lastKnownFileType = sourcecode.c.objc; path = main.m; sourceTree = "<group>"; };
		301BF52D109A57CC0062928A /* CordovaLib.xcodeproj */ = {isa = PBXFileReference; lastKnownFileType = "wrapper.pb-project"; path = CordovaLib/CordovaLib.xcodeproj; sourceTree = "<group>"; };
		301BF56E109A69640062928A /* www */ = {isa = PBXFileReference; lastKnownFileType = folder; path = www; sourceTree = SOURCE_ROOT; };
		302D95EE14D2391D003F00A1 /* MainViewController.h */ = {isa = PBXFileReference; fileEncoding = 4; lastKnownFileType = sourcecode.c.h; path = MainViewController.h; sourceTree = "<group>"; };
		302D95EF14D2391D003F00A1 /* MainViewController.m */ = {isa = PBXFileReference; fileEncoding = 4; lastKnownFileType = sourcecode.c.objc; path = MainViewController.m; sourceTree = "<group>"; };
		302D95F014D2391D003F00A1 /* MainViewController.xib */ = {isa = PBXFileReference; fileEncoding = 4; lastKnownFileType = file.xib; path = MainViewController.xib; sourceTree = "<group>"; };
		3047A50F1AB8059700498E2A /* build-debug.xcconfig */ = {isa = PBXFileReference; fileEncoding = 4; lastKnownFileType = text.xcconfig; name = "build-debug.xcconfig"; path = cordova/build-debug.xcconfig; sourceTree = SOURCE_ROOT; };
		3047A5101AB8059700498E2A /* build-release.xcconfig */ = {isa = PBXFileReference; fileEncoding = 4; lastKnownFileType = text.xcconfig; name = "build-release.xcconfig"; path = cordova/build-release.xcconfig; sourceTree = SOURCE_ROOT; };
		3047A5111AB8059700498E2A /* build.xcconfig */ = {isa = PBXFileReference; fileEncoding = 4; lastKnownFileType = text.xcconfig; name = build.xcconfig; path = cordova/build.xcconfig; sourceTree = SOURCE_ROOT; };
		32CA4F630368D1EE00C91783 /* Video Player-Prefix.pch */ = {isa = PBXFileReference; fileEncoding = 4; lastKnownFileType = sourcecode.c.h; path = "Video Player-Prefix.pch"; sourceTree = "<group>"; };
		6AFF5BF81D6E424B00AB3073 /* CDVLaunchScreen.storyboard */ = {isa = PBXFileReference; fileEncoding = 4; lastKnownFileType = file.storyboard; name = CDVLaunchScreen.storyboard; path = "Video Player/CDVLaunchScreen.storyboard"; sourceTree = SOURCE_ROOT; };
		8D1107310486CEB800E47090 /* Video Player-Info.plist */ = {isa = PBXFileReference; fileEncoding = 4; lastKnownFileType = text.plist.xml; name = "Video Player-Info.plist"; path = "Video Player/Video Player-Info.plist"; plistStructureDefinitionIdentifier = "com.apple.xcode.plist.structure-definition.iphone.info-plist"; sourceTree = SOURCE_ROOT; };
		EB87FDF31871DA8E0020F90C /* www */ = {isa = PBXFileReference; lastKnownFileType = folder; name = www; path = ../../www; sourceTree = "<group>"; };
		EB87FDF41871DAF40020F90C /* config.xml */ = {isa = PBXFileReference; lastKnownFileType = text.xml; name = config.xml; path = ../../config.xml; sourceTree = "<group>"; };
		F840E1F0165FE0F500CFE078 /* config.xml */ = {isa = PBXFileReference; lastKnownFileType = text.xml; name = config.xml; path = "Video Player/config.xml"; sourceTree = "<group>"; };
		ED33DF2A687741AEAF9F8254 /* Bridging-Header.h */ = {isa = PBXFileReference; fileEncoding = 4; lastKnownFileType = sourcecode.c.h; name = "Bridging-Header.h"; path = "Bridging-Header.h"; sourceTree = "<group>"; };
		560366144BEB4519811A9E08 /* InAppPurchase.m */ = {isa = PBXFileReference; name = "InAppPurchase.m"; path = "cc.fovea.cordova.purchase/InAppPurchase.m"; sourceTree = "<group>"; fileEncoding = 4; lastKnownFileType = sourcecode.c.objc; explicitFileType = undefined; includeInIndex = 0; };
		F2B738FB5278463CA5AC62DB /* SKProduct+LocalizedPrice.m */ = {isa = PBXFileReference; name = "SKProduct+LocalizedPrice.m"; path = "cc.fovea.cordova.purchase/SKProduct+LocalizedPrice.m"; sourceTree = "<group>"; fileEncoding = 4; lastKnownFileType = sourcecode.c.objc; explicitFileType = undefined; includeInIndex = 0; };
		41B6DC72746E43AEB414710A /* FileUtility.m */ = {isa = PBXFileReference; name = "FileUtility.m"; path = "cc.fovea.cordova.purchase/FileUtility.m"; sourceTree = "<group>"; fileEncoding = 4; lastKnownFileType = sourcecode.c.objc; explicitFileType = undefined; includeInIndex = 0; };
		A1F9B414F36146378AFF0285 /* InAppPurchase.h */ = {isa = PBXFileReference; name = "InAppPurchase.h"; path = "cc.fovea.cordova.purchase/InAppPurchase.h"; sourceTree = "<group>"; fileEncoding = 4; lastKnownFileType = sourcecode.c.h; explicitFileType = undefined; includeInIndex = 0; };
		7236EF6C917A415B90D53EBC /* SKProduct+LocalizedPrice.h */ = {isa = PBXFileReference; name = "SKProduct+LocalizedPrice.h"; path = "cc.fovea.cordova.purchase/SKProduct+LocalizedPrice.h"; sourceTree = "<group>"; fileEncoding = 4; lastKnownFileType = sourcecode.c.h; explicitFileType = undefined; includeInIndex = 0; };
		FBF38BEE7F8C42FD9DF231E2 /* FileUtility.h */ = {isa = PBXFileReference; name = "FileUtility.h"; path = "cc.fovea.cordova.purchase/FileUtility.h"; sourceTree = "<group>"; fileEncoding = 4; lastKnownFileType = sourcecode.c.h; explicitFileType = undefined; includeInIndex = 0; };
		79BBAA20F1464279A92DC8D3 /* StoreKit.framework */ = {isa = PBXFileReference; name = "StoreKit.framework"; path = "System/Library/Frameworks/StoreKit.framework"; sourceTree = SDKROOT; fileEncoding = undefined; lastKnownFileType = wrapper.framework; explicitFileType = undefined; includeInIndex = 0; };
		02B48A77DFC14B45B350630F /* Screenshot.m */ = {isa = PBXFileReference; name = "Screenshot.m"; path = "com.darktalker.cordova.screenshot/Screenshot.m"; sourceTree = "<group>"; fileEncoding = 4; lastKnownFileType = sourcecode.c.objc; explicitFileType = undefined; includeInIndex = 0; };
		98BF7A8F41FD42EA8484A622 /* Screenshot.h */ = {isa = PBXFileReference; name = "Screenshot.h"; path = "com.darktalker.cordova.screenshot/Screenshot.h"; sourceTree = "<group>"; fileEncoding = 4; lastKnownFileType = sourcecode.c.h; explicitFileType = undefined; includeInIndex = 0; };
		031EFB178E154ADD90A53E68 /* SKstorereview.m */ = {isa = PBXFileReference; name = "SKstorereview.m"; path = "com.omarben.inappreview/SKstorereview/SKstorereview.m"; sourceTree = "<group>"; fileEncoding = 4; lastKnownFileType = sourcecode.c.objc; explicitFileType = undefined; includeInIndex = 0; };
		3AF684EB2192485AA2F90DA0 /* SKstorereview.h */ = {isa = PBXFileReference; name = "SKstorereview.h"; path = "com.omarben.inappreview/SKstorereview/SKstorereview.h"; sourceTree = "<group>"; fileEncoding = 4; lastKnownFileType = sourcecode.c.h; explicitFileType = undefined; includeInIndex = 0; };
		4793BEEDC5CA4F84B8C81281 /* GoogleMobileAds.framework */ = {isa = PBXFileReference; name = "GoogleMobileAds.framework"; path = "Video Player/Plugins/cordova-admob-sdk/GoogleMobileAds.framework"; sourceTree = "<group>"; fileEncoding = undefined; lastKnownFileType = wrapper.framework; explicitFileType = undefined; includeInIndex = 0; };
		DEDD4EC7C837414BBE8B2F9D /* AdSupport.framework */ = {isa = PBXFileReference; name = "AdSupport.framework"; path = "System/Library/Frameworks/AdSupport.framework"; sourceTree = SDKROOT; fileEncoding = undefined; lastKnownFileType = wrapper.framework; explicitFileType = undefined; includeInIndex = 0; };
		401A880111E7406DA931FBA6 /* AudioToolbox.framework */ = {isa = PBXFileReference; name = "AudioToolbox.framework"; path = "System/Library/Frameworks/AudioToolbox.framework"; sourceTree = SDKROOT; fileEncoding = undefined; lastKnownFileType = wrapper.framework; explicitFileType = undefined; includeInIndex = 0; };
		231E0BC395DD4E7CB4B5B183 /* AVFoundation.framework */ = {isa = PBXFileReference; name = "AVFoundation.framework"; path = "System/Library/Frameworks/AVFoundation.framework"; sourceTree = SDKROOT; fileEncoding = undefined; lastKnownFileType = wrapper.framework; explicitFileType = undefined; includeInIndex = 0; };
		3C63ABEDA3B241FB86BB319A /* CoreBluetooth.framework */ = {isa = PBXFileReference; name = "CoreBluetooth.framework"; path = "System/Library/Frameworks/CoreBluetooth.framework"; sourceTree = SDKROOT; fileEncoding = undefined; lastKnownFileType = wrapper.framework; explicitFileType = undefined; includeInIndex = 0; };
		C64DE992F69B4532AFEB34EC /* CoreMedia.framework */ = {isa = PBXFileReference; name = "CoreMedia.framework"; path = "System/Library/Frameworks/CoreMedia.framework"; sourceTree = SDKROOT; fileEncoding = undefined; lastKnownFileType = wrapper.framework; explicitFileType = undefined; includeInIndex = 0; };
		4204A1D8F3AC4D10B99684BE /* CoreMotion.framework */ = {isa = PBXFileReference; name = "CoreMotion.framework"; path = "System/Library/Frameworks/CoreMotion.framework"; sourceTree = SDKROOT; fileEncoding = undefined; lastKnownFileType = wrapper.framework; explicitFileType = undefined; includeInIndex = 0; };
		C0C5C923F77F47BD94DA67FC /* CoreTelephony.framework */ = {isa = PBXFileReference; name = "CoreTelephony.framework"; path = "System/Library/Frameworks/CoreTelephony.framework"; sourceTree = SDKROOT; fileEncoding = undefined; lastKnownFileType = wrapper.framework; explicitFileType = undefined; includeInIndex = 0; };
		3523EAD5313347AEB7BDA821 /* CoreVideo.framework */ = {isa = PBXFileReference; name = "CoreVideo.framework"; path = "System/Library/Frameworks/CoreVideo.framework"; sourceTree = SDKROOT; fileEncoding = undefined; lastKnownFileType = wrapper.framework; explicitFileType = undefined; includeInIndex = 0; };
		AF56839B05454C4B9113F439 /* EventKit.framework */ = {isa = PBXFileReference; name = "EventKit.framework"; path = "System/Library/Frameworks/EventKit.framework"; sourceTree = SDKROOT; fileEncoding = undefined; lastKnownFileType = wrapper.framework; explicitFileType = undefined; includeInIndex = 0; };
		33FDF8020526471F8A22D70F /* EventKitUI.framework */ = {isa = PBXFileReference; name = "EventKitUI.framework"; path = "System/Library/Frameworks/EventKitUI.framework"; sourceTree = SDKROOT; fileEncoding = undefined; lastKnownFileType = wrapper.framework; explicitFileType = undefined; includeInIndex = 0; };
		743CFCCE48544CFCB6F6CEC8 /* Foundation.framework */ = {isa = PBXFileReference; name = "Foundation.framework"; path = "System/Library/Frameworks/Foundation.framework"; sourceTree = SDKROOT; fileEncoding = undefined; lastKnownFileType = wrapper.framework; explicitFileType = undefined; includeInIndex = 0; };
		EE48BC35E7DF42028E7BBF2B /* GLKit.framework */ = {isa = PBXFileReference; name = "GLKit.framework"; path = "System/Library/Frameworks/GLKit.framework"; sourceTree = SDKROOT; fileEncoding = undefined; lastKnownFileType = wrapper.framework; explicitFileType = undefined; includeInIndex = 0; };
		DF3C72603D81473AB3BA2EEB /* MediaPlayer.framework */ = {isa = PBXFileReference; name = "MediaPlayer.framework"; path = "System/Library/Frameworks/MediaPlayer.framework"; sourceTree = SDKROOT; fileEncoding = undefined; lastKnownFileType = wrapper.framework; explicitFileType = undefined; includeInIndex = 0; };
		5F706CE236DD440DB7D765EF /* MessageUI.framework */ = {isa = PBXFileReference; name = "MessageUI.framework"; path = "System/Library/Frameworks/MessageUI.framework"; sourceTree = SDKROOT; fileEncoding = undefined; lastKnownFileType = wrapper.framework; explicitFileType = undefined; includeInIndex = 0; };
		CF802E08202F498DBBA5C63C /* OpenGLES.framework */ = {isa = PBXFileReference; name = "OpenGLES.framework"; path = "System/Library/Frameworks/OpenGLES.framework"; sourceTree = SDKROOT; fileEncoding = undefined; lastKnownFileType = wrapper.framework; explicitFileType = undefined; includeInIndex = 0; };
		C992E5899217478A89F0F528 /* SafariServices.framework */ = {isa = PBXFileReference; name = "SafariServices.framework"; path = "System/Library/Frameworks/SafariServices.framework"; sourceTree = SDKROOT; fileEncoding = undefined; lastKnownFileType = wrapper.framework; explicitFileType = undefined; includeInIndex = 0; };
		0F9AC4379C1F4596944CD5A2 /* SystemConfiguration.framework */ = {isa = PBXFileReference; name = "SystemConfiguration.framework"; path = "System/Library/Frameworks/SystemConfiguration.framework"; sourceTree = SDKROOT; fileEncoding = undefined; lastKnownFileType = wrapper.framework; explicitFileType = undefined; includeInIndex = 0; };
		6EA27193A9D7457D949A41B9 /* UIKit.framework */ = {isa = PBXFileReference; name = "UIKit.framework"; path = "System/Library/Frameworks/UIKit.framework"; sourceTree = SDKROOT; fileEncoding = undefined; lastKnownFileType = wrapper.framework; explicitFileType = undefined; includeInIndex = 0; };
		63A0EE47500A47A1A07105D0 /* CDVClipboard.m */ = {isa = PBXFileReference; name = "CDVClipboard.m"; path = "cordova-universal-clipboard/CDVClipboard.m"; sourceTree = "<group>"; fileEncoding = 4; lastKnownFileType = sourcecode.c.objc; explicitFileType = undefined; includeInIndex = 0; };
		F92CFFE591B5414F944954A2 /* CDVClipboard.h */ = {isa = PBXFileReference; name = "CDVClipboard.h"; path = "cordova-universal-clipboard/CDVClipboard.h"; sourceTree = "<group>"; fileEncoding = 4; lastKnownFileType = sourcecode.c.h; explicitFileType = undefined; includeInIndex = 0; };
		A88E63D5CF0A4DB3886F1F5B /* CDVInstagramPlugin.m */ = {isa = PBXFileReference; name = "CDVInstagramPlugin.m"; path = "cordova-instagram-plugin/CDVInstagramPlugin/CDVInstagramPlugin.m"; sourceTree = "<group>"; fileEncoding = 4; lastKnownFileType = sourcecode.c.objc; explicitFileType = undefined; includeInIndex = 0; };
		9FCC61D626F6425BBE8988F4 /* CDVInstagramPlugin.h */ = {isa = PBXFileReference; name = "CDVInstagramPlugin.h"; path = "cordova-instagram-plugin/CDVInstagramPlugin/CDVInstagramPlugin.h"; sourceTree = "<group>"; fileEncoding = 4; lastKnownFileType = sourcecode.c.h; explicitFileType = undefined; includeInIndex = 0; };
		42C033D38EA348F7BDB378EA /* LaunchReview.m */ = {isa = PBXFileReference; name = "LaunchReview.m"; path = "cordova-launch-review/LaunchReview.m"; sourceTree = "<group>"; fileEncoding = 4; lastKnownFileType = sourcecode.c.objc; explicitFileType = undefined; includeInIndex = 0; };
		BB4C646611EC4241AEE9975D /* UIWindow+DismissNotification.m */ = {isa = PBXFileReference; name = "UIWindow+DismissNotification.m"; path = "cordova-launch-review/UIWindow+DismissNotification.m"; sourceTree = "<group>"; fileEncoding = 4; lastKnownFileType = sourcecode.c.objc; explicitFileType = undefined; includeInIndex = 0; };
		025B51B2C34E4C16A31209D3 /* LaunchReview.h */ = {isa = PBXFileReference; name = "LaunchReview.h"; path = "cordova-launch-review/LaunchReview.h"; sourceTree = "<group>"; fileEncoding = 4; lastKnownFileType = sourcecode.c.h; explicitFileType = undefined; includeInIndex = 0; };
		7E726EB51E3B44628F9D017F /* UIWindow+DismissNotification.h */ = {isa = PBXFileReference; name = "UIWindow+DismissNotification.h"; path = "cordova-launch-review/UIWindow+DismissNotification.h"; sourceTree = "<group>"; fileEncoding = 4; lastKnownFileType = sourcecode.c.h; explicitFileType = undefined; includeInIndex = 0; };
		A22712DC867242C4B2F8C684 /* CDVAdMob.m */ = {isa = PBXFileReference; name = "CDVAdMob.m"; path = "cordova-plugin-admob-free/CDVAdMob.m"; sourceTree = "<group>"; fileEncoding = 4; lastKnownFileType = sourcecode.c.objc; explicitFileType = undefined; includeInIndex = 0; };
		AE638FB8DEEF4C22890C0E14 /* CDVAdMob.h */ = {isa = PBXFileReference; name = "CDVAdMob.h"; path = "cordova-plugin-admob-free/CDVAdMob.h"; sourceTree = "<group>"; fileEncoding = 4; lastKnownFileType = sourcecode.c.h; explicitFileType = undefined; includeInIndex = 0; };
/* End PBXFileReference section */

/* Begin PBXFrameworksBuildPhase section */
		1D60588F0D05DD3D006BFB54 /* Frameworks */ = {
			isa = PBXFrameworksBuildPhase;
			buildActionMask = 2147483647;
			files = (
				301BF552109A68D80062928A /* libCordova.a in Frameworks */,
				67665139C3294083A9681672 /* StoreKit.framework in Frameworks */,
				74FF0C8CE97048B68BC32429 /* GoogleMobileAds.framework in Frameworks */,
				A9D9D92A112642D6A4B3EE1E /* AdSupport.framework in Frameworks */,
				E4720A5EFD684538B25CB07E /* AudioToolbox.framework in Frameworks */,
				A584021561704D6AB7053814 /* AVFoundation.framework in Frameworks */,
				7BE888DCF35D4FCDB73773AD /* CoreBluetooth.framework in Frameworks */,
				7CE521BB44BB4428AE7100B1 /* CoreMedia.framework in Frameworks */,
				B6115C569E844A4AAAE60D20 /* CoreMotion.framework in Frameworks */,
				763C64219FDB4DF38C90AF96 /* CoreTelephony.framework in Frameworks */,
				01F2BE10559B4C4EB68E9A92 /* CoreVideo.framework in Frameworks */,
				8474F400EFC54A48AB5A5FEA /* EventKit.framework in Frameworks */,
				2BE3356DA4114683942F70BC /* EventKitUI.framework in Frameworks */,
				C4B596EB2A2F4FB7861D675F /* Foundation.framework in Frameworks */,
				53C7F91B3EC3402B8D3D8B5C /* GLKit.framework in Frameworks */,
				CE8B2A74D1D347EE84F988B6 /* MediaPlayer.framework in Frameworks */,
				FFD7BA56563147238C435D00 /* MessageUI.framework in Frameworks */,
				1A36BD02904C4CA4893C83DC /* OpenGLES.framework in Frameworks */,
				8E0A9F57F2F342B9AA54A23A /* SafariServices.framework in Frameworks */,
				5EE74EA0EA6B411AA5944ABE /* SystemConfiguration.framework in Frameworks */,
				0FA0F7EF421845CD9DE4309F /* UIKit.framework in Frameworks */,
			);
			runOnlyForDeploymentPostprocessing = 0;
		};
/* End PBXFrameworksBuildPhase section */

/* Begin PBXGroup section */
		080E96DDFE201D6D7F000001 /* Classes */ = {
			isa = PBXGroup;
			children = (
				302D95EE14D2391D003F00A1 /* MainViewController.h */,
				302D95EF14D2391D003F00A1 /* MainViewController.m */,
				302D95F014D2391D003F00A1 /* MainViewController.xib */,
				1D3623240D0F684500981E51 /* AppDelegate.h */,
				1D3623250D0F684500981E51 /* AppDelegate.m */,
			);
			name = Classes;
			path = "Video Player/Classes";
			sourceTree = SOURCE_ROOT;
		};
		19C28FACFE9D520D11CA2CBB /* Products */ = {
			isa = PBXGroup;
			children = (
				1D6058910D05DD3D006BFB54 /* Video Player.app */,
			);
			name = Products;
			sourceTree = "<group>";
		};
		29B97314FDCFA39411CA2CEA /* CustomTemplate */ = {
			isa = PBXGroup;
			children = (
				EB87FDF41871DAF40020F90C /* config.xml */,
				EB87FDF31871DA8E0020F90C /* www */,
				EB87FDF11871DA420020F90C /* Staging */,
				301BF52D109A57CC0062928A /* CordovaLib.xcodeproj */,
				080E96DDFE201D6D7F000001 /* Classes */,
				307C750510C5A3420062BCA9 /* Plugins */,
				29B97315FDCFA39411CA2CEA /* Other Sources */,
				29B97317FDCFA39411CA2CEA /* Resources */,
				29B97323FDCFA39411CA2CEA /* Frameworks */,
				19C28FACFE9D520D11CA2CBB /* Products */,
			);
			name = CustomTemplate;
			sourceTree = "<group>";
		};
		29B97315FDCFA39411CA2CEA /* Other Sources */ = {
			isa = PBXGroup;
			children = (
				32CA4F630368D1EE00C91783 /* Video Player-Prefix.pch */,
				29B97316FDCFA39411CA2CEA /* main.m */,
				ED33DF2A687741AEAF9F8254 /* Bridging-Header.h */,
			);
			name = "Other Sources";
			path = "Video Player";
			sourceTree = "<group>";
		};
		29B97317FDCFA39411CA2CEA /* Resources */ = {
			isa = PBXGroup;
			children = (
				0207DA571B56EA530066E2B4 /* Images.xcassets */,
				3047A50E1AB8057F00498E2A /* config */,
				8D1107310486CEB800E47090 /* Video Player-Info.plist */,
				6AFF5BF81D6E424B00AB3073 /* CDVLaunchScreen.storyboard */,
			);
			name = Resources;
			path = "Video Player/Resources";
			sourceTree = "<group>";
		};
		29B97323FDCFA39411CA2CEA /* Frameworks */ = {
			isa = PBXGroup;
			children = (
				79BBAA20F1464279A92DC8D3 /* StoreKit.framework */,
				4793BEEDC5CA4F84B8C81281 /* GoogleMobileAds.framework */,
				DEDD4EC7C837414BBE8B2F9D /* AdSupport.framework */,
				401A880111E7406DA931FBA6 /* AudioToolbox.framework */,
				231E0BC395DD4E7CB4B5B183 /* AVFoundation.framework */,
				3C63ABEDA3B241FB86BB319A /* CoreBluetooth.framework */,
				C64DE992F69B4532AFEB34EC /* CoreMedia.framework */,
				4204A1D8F3AC4D10B99684BE /* CoreMotion.framework */,
				C0C5C923F77F47BD94DA67FC /* CoreTelephony.framework */,
				3523EAD5313347AEB7BDA821 /* CoreVideo.framework */,
				AF56839B05454C4B9113F439 /* EventKit.framework */,
				33FDF8020526471F8A22D70F /* EventKitUI.framework */,
				743CFCCE48544CFCB6F6CEC8 /* Foundation.framework */,
				EE48BC35E7DF42028E7BBF2B /* GLKit.framework */,
				DF3C72603D81473AB3BA2EEB /* MediaPlayer.framework */,
				5F706CE236DD440DB7D765EF /* MessageUI.framework */,
				CF802E08202F498DBBA5C63C /* OpenGLES.framework */,
				C992E5899217478A89F0F528 /* SafariServices.framework */,
				0F9AC4379C1F4596944CD5A2 /* SystemConfiguration.framework */,
				6EA27193A9D7457D949A41B9 /* UIKit.framework */,
			);
			name = Frameworks;
			sourceTree = "<group>";
		};
		301BF52E109A57CC0062928A /* Products */ = {
			isa = PBXGroup;
			children = (
				301BF535109A57CC0062928A /* libCordova.a */,
			);
			name = Products;
			sourceTree = "<group>";
		};
		3047A50E1AB8057F00498E2A /* config */ = {
			isa = PBXGroup;
			children = (
				3047A50F1AB8059700498E2A /* build-debug.xcconfig */,
				3047A5101AB8059700498E2A /* build-release.xcconfig */,
				3047A5111AB8059700498E2A /* build.xcconfig */,
			);
			name = config;
			sourceTree = "<group>";
		};
		307C750510C5A3420062BCA9 /* Plugins */ = {
			isa = PBXGroup;
			children = (
				560366144BEB4519811A9E08 /* InAppPurchase.m */,
				F2B738FB5278463CA5AC62DB /* SKProduct+LocalizedPrice.m */,
				41B6DC72746E43AEB414710A /* FileUtility.m */,
				A1F9B414F36146378AFF0285 /* InAppPurchase.h */,
				7236EF6C917A415B90D53EBC /* SKProduct+LocalizedPrice.h */,
				FBF38BEE7F8C42FD9DF231E2 /* FileUtility.h */,
				02B48A77DFC14B45B350630F /* Screenshot.m */,
				98BF7A8F41FD42EA8484A622 /* Screenshot.h */,
				031EFB178E154ADD90A53E68 /* SKstorereview.m */,
				3AF684EB2192485AA2F90DA0 /* SKstorereview.h */,
				63A0EE47500A47A1A07105D0 /* CDVClipboard.m */,
				F92CFFE591B5414F944954A2 /* CDVClipboard.h */,
				A88E63D5CF0A4DB3886F1F5B /* CDVInstagramPlugin.m */,
				9FCC61D626F6425BBE8988F4 /* CDVInstagramPlugin.h */,
				42C033D38EA348F7BDB378EA /* LaunchReview.m */,
				BB4C646611EC4241AEE9975D /* UIWindow+DismissNotification.m */,
				025B51B2C34E4C16A31209D3 /* LaunchReview.h */,
				7E726EB51E3B44628F9D017F /* UIWindow+DismissNotification.h */,
				A22712DC867242C4B2F8C684 /* CDVAdMob.m */,
				AE638FB8DEEF4C22890C0E14 /* CDVAdMob.h */,
			);
			name = Plugins;
			path = "Video Player/Plugins";
			sourceTree = SOURCE_ROOT;
		};
		EB87FDF11871DA420020F90C /* Staging */ = {
			isa = PBXGroup;
			children = (
				F840E1F0165FE0F500CFE078 /* config.xml */,
				301BF56E109A69640062928A /* www */,
			);
			name = Staging;
			sourceTree = "<group>";
		};
/* End PBXGroup section */

/* Begin PBXNativeTarget section */
		1D6058900D05DD3D006BFB54 /* Video Player */ = {
			isa = PBXNativeTarget;
			buildConfigurationList = 1D6058960D05DD3E006BFB54 /* Build configuration list for PBXNativeTarget "Video Player" */;
			buildPhases = (
				304B58A110DAC018002A0835 /* Copy www directory */,
				1D60588D0D05DD3D006BFB54 /* Resources */,
				1D60588E0D05DD3D006BFB54 /* Sources */,
				1D60588F0D05DD3D006BFB54 /* Frameworks */,
			);
			buildRules = (
			);
			dependencies = (
				301BF551109A68C00062928A /* PBXTargetDependency */,
			);
			name = "Video Player";
			productName = "Video Player";
			productReference = 1D6058910D05DD3D006BFB54 /* Video Player.app */;
			productType = "com.apple.product-type.application";
		};
/* End PBXNativeTarget section */

/* Begin PBXProject section */
		29B97313FDCFA39411CA2CEA /* Project object */ = {
			isa = PBXProject;
			attributes = {
				LastUpgradeCheck = 510;
			};
			buildConfigurationList = C01FCF4E08A954540054247B /* Build configuration list for PBXProject "__NON-CLI__" */;
			compatibilityVersion = "Xcode 3.2";
			developmentRegion = English;
			hasScannedForEncodings = 1;
			mainGroup = 29B97314FDCFA39411CA2CEA /* CustomTemplate */;
			projectDirPath = "";
			projectReferences = (
				{
					ProductGroup = 301BF52E109A57CC0062928A /* Products */;
					ProjectRef = 301BF52D109A57CC0062928A /* CordovaLib.xcodeproj */;
				},
			);
			projectRoot = "";
			targets = (
				1D6058900D05DD3D006BFB54 /* Video Player */,
			);
		};
/* End PBXProject section */

/* Begin PBXReferenceProxy section */
		301BF535109A57CC0062928A /* libCordova.a */ = {
			isa = PBXReferenceProxy;
			fileType = archive.ar;
			path = libCordova.a;
			remoteRef = 301BF534109A57CC0062928A /* PBXContainerItemProxy */;
			sourceTree = BUILT_PRODUCTS_DIR;
		};
/* End PBXReferenceProxy section */

/* Begin PBXResourcesBuildPhase section */
		1D60588D0D05DD3D006BFB54 /* Resources */ = {
			isa = PBXResourcesBuildPhase;
			buildActionMask = 2147483647;
			files = (
				302D95F214D2391D003F00A1 /* MainViewController.xib in Resources */,
				0207DA581B56EA530066E2B4 /* Images.xcassets in Resources */,
				6AFF5BF91D6E424B00AB3073 /* CDVLaunchScreen.storyboard in Resources */,
			);
			runOnlyForDeploymentPostprocessing = 0;
		};
/* End PBXResourcesBuildPhase section */

/* Begin PBXShellScriptBuildPhase section */
		304B58A110DAC018002A0835 /* Copy www directory */ = {
			isa = PBXShellScriptBuildPhase;
			buildActionMask = 2147483647;
			files = (
			);
			inputPaths = (
			);
			name = "Copy www directory";
			outputPaths = (
			);
			runOnlyForDeploymentPostprocessing = 0;
			shellPath = /bin/sh;
			shellScript = "NODEJS_PATH=/usr/local/bin; NVM_NODE_PATH=~/.nvm/versions/node/`nvm version 2>/dev/null`/bin; N_NODE_PATH=`find /usr/local/n/versions/node/* -maxdepth 0 -type d 2>/dev/null | tail -1`/bin; XCODE_NODE_PATH=`xcode-select --print-path`/usr/share/xcs/Node/bin; PATH=$NODEJS_PATH:$NVM_NODE_PATH:$N_NODE_PATH:$XCODE_NODE_PATH:$PATH && node cordova/lib/copy-www-build-step.js";
			showEnvVarsInLog = 0;
		};
/* End PBXShellScriptBuildPhase section */

/* Begin PBXSourcesBuildPhase section */
		1D60588E0D05DD3D006BFB54 /* Sources */ = {
			isa = PBXSourcesBuildPhase;
			buildActionMask = 2147483647;
			files = (
				1D60589B0D05DD56006BFB54 /* main.m in Sources */,
				1D3623260D0F684500981E51 /* AppDelegate.m in Sources */,
				302D95F114D2391D003F00A1 /* MainViewController.m in Sources */,
				21BFF14B7A9346AD98B5F7BB /* InAppPurchase.m in Sources */,
				141B539450EE4C34905326CE /* SKProduct+LocalizedPrice.m in Sources */,
				86EB8E63BCE343CA9A1EC684 /* FileUtility.m in Sources */,
				7A17C93847024FABA1B13453 /* Screenshot.m in Sources */,
				9B8DF8C18C604475B3878127 /* SKstorereview.m in Sources */,
				3CDC1B6BA4334DC8ABE7E232 /* CDVClipboard.m in Sources */,
				1AC3EF3C7A9645628E357B94 /* CDVInstagramPlugin.m in Sources */,
				6645C32C54A042E5B6EF08C9 /* LaunchReview.m in Sources */,
				DFA155C1233D42C3A8096152 /* UIWindow+DismissNotification.m in Sources */,
				B87A2DD9238F4120A23DE673 /* CDVAdMob.m in Sources */,
			);
			runOnlyForDeploymentPostprocessing = 0;
		};
/* End PBXSourcesBuildPhase section */

/* Begin PBXTargetDependency section */
		301BF551109A68C00062928A /* PBXTargetDependency */ = {
			isa = PBXTargetDependency;
			name = CordovaLib;
			targetProxy = 301BF550109A68C00062928A /* PBXContainerItemProxy */;
		};
/* End PBXTargetDependency section */

/* Begin XCBuildConfiguration section */
		1D6058940D05DD3E006BFB54 /* Debug */ = {
			isa = XCBuildConfiguration;
			baseConfigurationReference = 3047A50F1AB8059700498E2A /* build-debug.xcconfig */;
			buildSettings = {
				ALWAYS_SEARCH_USER_PATHS = NO;
				ASSETCATALOG_COMPILER_APPICON_NAME = AppIcon;
				ASSETCATALOG_COMPILER_LAUNCHIMAGE_NAME = LaunchImage;
				CLANG_ENABLE_MODULES = YES;
				CLANG_ENABLE_OBJC_ARC = YES;
				COPY_PHASE_STRIP = NO;
				GCC_DYNAMIC_NO_PIC = NO;
				GCC_OPTIMIZATION_LEVEL = 0;
				GCC_PRECOMPILE_PREFIX_HEADER = YES;
				GCC_PREFIX_HEADER = "Video Player/Video Player-Prefix.pch";
				GCC_THUMB_SUPPORT = NO;
				GCC_VERSION = "";
				INFOPLIST_FILE = "Video Player/Video Player-Info.plist";
				IPHONEOS_DEPLOYMENT_TARGET = 9.0;
				LD_RUNPATH_SEARCH_PATHS = "@executable_path/Frameworks";
				TARGETED_DEVICE_FAMILY = "1,2";
				PRODUCT_NAME = "Video Player";
				FRAMEWORK_SEARCH_PATHS = (
					"$(inherited)",
					"\"Video Player/Plugins/cordova-admob-sdk\"",
				);
			};
			name = Debug;
		};
		1D6058950D05DD3E006BFB54 /* Release */ = {
			isa = XCBuildConfiguration;
			baseConfigurationReference = 3047A5101AB8059700498E2A /* build-release.xcconfig */;
			buildSettings = {
				ALWAYS_SEARCH_USER_PATHS = NO;
				ASSETCATALOG_COMPILER_APPICON_NAME = AppIcon;
				ASSETCATALOG_COMPILER_LAUNCHIMAGE_NAME = LaunchImage;
				CLANG_ENABLE_MODULES = YES;
				CLANG_ENABLE_OBJC_ARC = YES;
				COPY_PHASE_STRIP = YES;
				GCC_PRECOMPILE_PREFIX_HEADER = YES;
				GCC_PREFIX_HEADER = "Video Player/Video Player-Prefix.pch";
				GCC_THUMB_SUPPORT = NO;
				GCC_VERSION = "";
				INFOPLIST_FILE = "Video Player/Video Player-Info.plist";
				IPHONEOS_DEPLOYMENT_TARGET = 9.0;
				LD_RUNPATH_SEARCH_PATHS = "@executable_path/Frameworks";
				TARGETED_DEVICE_FAMILY = "1,2";
				PRODUCT_NAME = "Video Player";
				FRAMEWORK_SEARCH_PATHS = (
					"$(inherited)",
					"\"Video Player/Plugins/cordova-admob-sdk\"",
				);
			};
			name = Release;
		};
		C01FCF4F08A954540054247B /* Debug */ = {
			isa = XCBuildConfiguration;
			baseConfigurationReference = 3047A5111AB8059700498E2A /* build.xcconfig */;
			buildSettings = {
				CLANG_ENABLE_MODULES = YES;
				CLANG_ENABLE_OBJC_ARC = YES;
				CLANG_WARN_BOOL_CONVERSION = YES;
				CLANG_WARN_CONSTANT_CONVERSION = YES;
				CLANG_WARN_EMPTY_BODY = YES;
				CLANG_WARN_ENUM_CONVERSION = YES;
				CLANG_WARN_INT_CONVERSION = YES;
				CLANG_WARN__DUPLICATE_METHOD_MATCH = YES;
				GCC_C_LANGUAGE_STANDARD = c99;
				GCC_THUMB_SUPPORT = NO;
				GCC_VERSION = "";
				GCC_WARN_ABOUT_RETURN_TYPE = YES;
				GCC_WARN_UNDECLARED_SELECTOR = YES;
				GCC_WARN_UNINITIALIZED_AUTOS = YES;
				GCC_WARN_UNUSED_FUNCTION = YES;
				GCC_WARN_UNUSED_VARIABLE = YES;
				ONLY_ACTIVE_ARCH = YES;
				SDKROOT = iphoneos;
				SKIP_INSTALL = NO;
			};
			name = Debug;
		};
		C01FCF5008A954540054247B /* Release */ = {
			isa = XCBuildConfiguration;
			baseConfigurationReference = 3047A5111AB8059700498E2A /* build.xcconfig */;
			buildSettings = {
				CLANG_ENABLE_MODULES = YES;
				CLANG_ENABLE_OBJC_ARC = YES;
				CLANG_WARN_BOOL_CONVERSION = YES;
				CLANG_WARN_CONSTANT_CONVERSION = YES;
				CLANG_WARN_EMPTY_BODY = YES;
				CLANG_WARN_ENUM_CONVERSION = YES;
				CLANG_WARN_INT_CONVERSION = YES;
				CLANG_WARN__DUPLICATE_METHOD_MATCH = YES;
				GCC_C_LANGUAGE_STANDARD = c99;
				GCC_THUMB_SUPPORT = NO;
				GCC_VERSION = "";
				GCC_WARN_ABOUT_RETURN_TYPE = YES;
				GCC_WARN_UNDECLARED_SELECTOR = YES;
				GCC_WARN_UNINITIALIZED_AUTOS = YES;
				GCC_WARN_UNUSED_FUNCTION = YES;
				GCC_WARN_UNUSED_VARIABLE = YES;
				SDKROOT = iphoneos;
				SKIP_INSTALL = NO;
			};
			name = Release;
		};
/* End XCBuildConfiguration section */

/* Begin XCConfigurationList section */
		1D6058960D05DD3E006BFB54 /* Build configuration list for PBXNativeTarget "Video Player" */ = {
			isa = XCConfigurationList;
			buildConfigurations = (
				1D6058940D05DD3E006BFB54 /* Debug */,
				1D6058950D05DD3E006BFB54 /* Release */,
			);
			defaultConfigurationIsVisible = 0;
			defaultConfigurationName = Release;
		};
		C01FCF4E08A954540054247B /* Build configuration list for PBXProject "__NON-CLI__" */ = {
			isa = XCConfigurationList;
			buildConfigurations = (
				C01FCF4F08A954540054247B /* Debug */,
				C01FCF5008A954540054247B /* Release */,
			);
			defaultConfigurationIsVisible = 0;
			defaultConfigurationName = Release;
		};
/* End XCConfigurationList section */
	};
	rootObject = 29B97313FDCFA39411CA2CEA /* Project object */;
}
